
Microsoft Visual Studio Solution File, Format Version 12.00
# Visual Studio Version 17
VisualStudioVersion = 17.6.33712.159
MinimumVisualStudioVersion = 10.0.40219.1
Project("{FAE04EC0-301F-11D3-BF4B-00C04F79EFBC}") = "calisma3", "calisma3\calisma3.csproj", "{870DC2DE-55C4-44D6-9DDA-FCB4D4F0B67A}"
EndProject
Global
	GlobalSection(SolutionConfigurationPlatforms) = preSolution
		Debug|Any CPU = Debug|Any CPU
		Release|Any CPU = Release|Any CPU
	EndGlobalSection
	GlobalSection(ProjectConfigurationPlatforms) = postSolution
		{870DC2DE-55C4-44D6-9DDA-FCB4D4F0B67A}.Debug|Any CPU.ActiveCfg = Debug|Any CPU
		{870DC2DE-55C4-44D6-9DDA-FCB4D4F0B67A}.Debug|Any CPU.Build.0 = Debug|Any CPU
		{870DC2DE-55C4-44D6-9DDA-FCB4D4F0B67A}.Release|Any CPU.ActiveCfg = Release|Any CPU
		{870DC2DE-55C4-44D6-9DDA-FCB4D4F0B67A}.Release|Any CPU.Build.0 = Release|Any CPU
	EndGlobalSection
	GlobalSection(SolutionProperties) = preSolution
		HideSolutionNode = FALSE
	EndGlobalSection
	GlobalSection(ExtensibilityGlobals) = postSolution
		SolutionGuid = {99E75647-3617-4D88-B7A7-E4AA50A0161B}
	EndGlobalSection
EndGlobal
